
Microsoft Visual Studio Solution File, Format Version 12.00
# Visual Studio Version 17
VisualStudioVersion = 17.12.35707.178
MinimumVisualStudioVersion = 10.0.40219.1
Project("{FAE04EC0-301F-11D3-BF4B-00C04F79EFBC}") = "BusyBee.API", "BusyBee.API\BusyBee.API.csproj", "{99D63153-F657-45BE-94C4-126468B2F034}"
EndProject
Project("{FAE04EC0-301F-11D3-BF4B-00C04F79EFBC}") = "BusyBee.Domain", "BusyBee.Domain\BusyBee.Domain.csproj", "{3652AF1F-25FE-47F7-B614-354085C82A8F}"
EndProject
Project("{FAE04EC0-301F-11D3-BF4B-00C04F79EFBC}") = "BusyBee.DataAccess", "BusyBee.DataAccess\BusyBee.DataAccess.csproj", "{1F6E2CB7-A183-4C75-9860-F6B535FBC8C9}"
	ProjectSection(ProjectDependencies) = postProject
		{3652AF1F-25FE-47F7-B614-354085C82A8F} = {3652AF1F-25FE-47F7-B614-354085C82A8F}
	EndProjectSection
EndProject
Global
	GlobalSection(SolutionConfigurationPlatforms) = preSolution
		Debug|Any CPU = Debug|Any CPU
		Release|Any CPU = Release|Any CPU
	EndGlobalSection
	GlobalSection(ProjectConfigurationPlatforms) = postSolution
		{99D63153-F657-45BE-94C4-126468B2F034}.Debug|Any CPU.ActiveCfg = Debug|Any CPU
		{99D63153-F657-45BE-94C4-126468B2F034}.Debug|Any CPU.Build.0 = Debug|Any CPU
		{99D63153-F657-45BE-94C4-126468B2F034}.Release|Any CPU.ActiveCfg = Release|Any CPU
		{99D63153-F657-45BE-94C4-126468B2F034}.Release|Any CPU.Build.0 = Release|Any CPU
		{3652AF1F-25FE-47F7-B614-354085C82A8F}.Debug|Any CPU.ActiveCfg = Debug|Any CPU
		{3652AF1F-25FE-47F7-B614-354085C82A8F}.Debug|Any CPU.Build.0 = Debug|Any CPU
		{3652AF1F-25FE-47F7-B614-354085C82A8F}.Release|Any CPU.ActiveCfg = Release|Any CPU
		{3652AF1F-25FE-47F7-B614-354085C82A8F}.Release|Any CPU.Build.0 = Release|Any CPU
		{1F6E2CB7-A183-4C75-9860-F6B535FBC8C9}.Debug|Any CPU.ActiveCfg = Debug|Any CPU
		{1F6E2CB7-A183-4C75-9860-F6B535FBC8C9}.Debug|Any CPU.Build.0 = Debug|Any CPU
		{1F6E2CB7-A183-4C75-9860-F6B535FBC8C9}.Release|Any CPU.ActiveCfg = Release|Any CPU
		{1F6E2CB7-A183-4C75-9860-F6B535FBC8C9}.Release|Any CPU.Build.0 = Release|Any CPU
	EndGlobalSection
	GlobalSection(SolutionProperties) = preSolution
		HideSolutionNode = FALSE
	EndGlobalSection
	GlobalSection(ExtensibilityGlobals) = postSolution
		SolutionGuid = {EEB0368A-44A7-4219-8AF2-4EA323D7D3D6}
	EndGlobalSection
EndGlobal
